// !$*UTF8*$!
{
	archiveVersion = 1;
	classes = {
	};
	objectVersion = 77;
	objects = {

/* Begin PBXBuildFile section */
		1F0B1A9D78DA2F2F554BA54D /* AppDelegate.swift in Sources */ = {isa = PBXBuildFile; fileRef = 64DC7B599FC995056A674DBF /* AppDelegate.swift */; };
		7A1D7C162F00000100000005 /* AppIcon.icon in Resources */ = {isa = PBXBuildFile; fileRef = 7A1D7C152F00000100000005 /* AppIcon.icon */; };
		953E24EE53AE7971D31F0FA0 /* Assets.xcassets in Resources */ = {isa = PBXBuildFile; fileRef = C345657BD587401B20496BE6 /* Assets.xcassets */; };
		D2FECFB6447CD596A4FC0207 /* ArrBarrApp.swift in Sources */ = {isa = PBXBuildFile; fileRef = 33A8662C0F95882A1E6A959B /* ArrBarrApp.swift */; };
		FBP00001FBP00001FBP0001A /* ArrCore in Frameworks */ = {isa = PBXBuildFile; productRef = PRD00001PRD00001PRD0001A /* ArrCore */; };
		IOS00001IOS00001IOS0001A /* ArrBarriOSApp.swift in Sources */ = {isa = PBXBuildFile; fileRef = IOS00010IOS00010IOS0010A /* ArrBarriOSApp.swift */; };
		IOS00002IOS00002IOS0002A /* Assets.xcassets in Resources */ = {isa = PBXBuildFile; fileRef = IOS00012IOS00012IOS0012A /* Assets.xcassets */; };
		IOS00003IOS00003IOS0003A /* ArrCore in Frameworks */ = {isa = PBXBuildFile; productRef = IOS00020IOS00020IOS0020A /* ArrCore */; };
/* End PBXBuildFile section */

/* Begin PBXFileReference section */
		24CA88887E39123AE476CB8E /* ArrBarr.app */ = {isa = PBXFileReference; explicitFileType = wrapper.application; includeInIndex = 0; path = ArrBarr.app; sourceTree = BUILT_PRODUCTS_DIR; };
		310F6F8DD8AF0FDCD7BA6CBB /* ArrBarr.entitlements */ = {isa = PBXFileReference; lastKnownFileType = text.plist.entitlements; path = ArrBarr.entitlements; sourceTree = "<group>"; };
		33A8662C0F95882A1E6A959B /* ArrBarrApp.swift */ = {isa = PBXFileReference; lastKnownFileType = sourcecode.swift; path = ArrBarrApp.swift; sourceTree = "<group>"; };
		64DC7B599FC995056A674DBF /* AppDelegate.swift */ = {isa = PBXFileReference; lastKnownFileType = sourcecode.swift; path = AppDelegate.swift; sourceTree = "<group>"; };
		7A1D7C152F00000100000005 /* AppIcon.icon */ = {isa = PBXFileReference; lastKnownFileType = folder.iconcomposer.icon; path = AppIcon.icon; sourceTree = "<group>"; };
		C345657BD587401B20496BE6 /* Assets.xcassets */ = {isa = PBXFileReference; lastKnownFileType = folder.assetcatalog; path = Assets.xcassets; sourceTree = "<group>"; };
		E476A3C86CE13DD5526DF9D8 /* Info.plist */ = {isa = PBXFileReference; lastKnownFileType = text.plist; path = Info.plist; sourceTree = "<group>"; };
		IOS00010IOS00010IOS0010A /* ArrBarriOSApp.swift */ = {isa = PBXFileReference; lastKnownFileType = sourcecode.swift; path = ArrBarriOSApp.swift; sourceTree = "<group>"; };
		IOS00011IOS00011IOS0011A /* Info.plist */ = {isa = PBXFileReference; lastKnownFileType = text.plist; path = Info.plist; sourceTree = "<group>"; };
		IOS00012IOS00012IOS0012A /* Assets.xcassets */ = {isa = PBXFileReference; lastKnownFileType = folder.assetcatalog; path = Assets.xcassets; sourceTree = "<group>"; };
		IOS00013IOS00013IOS0013A /* ArrBarriOS.app */ = {isa = PBXFileReference; explicitFileType = wrapper.application; includeInIndex = 0; path = ArrBarriOS.app; sourceTree = BUILT_PRODUCTS_DIR; };
/* End PBXFileReference section */

/* Begin PBXFrameworksBuildPhase section */
		FBPHASE0001FBPHASE0001 /* Frameworks */ = {
			isa = PBXFrameworksBuildPhase;
			buildActionMask = 2147483647;
			files = (
				FBP00001FBP00001FBP0001A /* ArrCore in Frameworks */,
			);
			runOnlyForDeploymentPostprocessing = 0;
		};
		IOS00030IOS00030IOS0030A /* Frameworks */ = {
			isa = PBXFrameworksBuildPhase;
			buildActionMask = 2147483647;
			files = (
				IOS00003IOS00003IOS0003A /* ArrCore in Frameworks */,
			);
			runOnlyForDeploymentPostprocessing = 0;
		};
/* End PBXFrameworksBuildPhase section */

/* Begin PBXGroup section */
		2AB51CB1B325CDC1D0C6215E /* Products */ = {
			isa = PBXGroup;
			children = (
				24CA88887E39123AE476CB8E /* ArrBarr.app */,
				IOS00013IOS00013IOS0013A /* ArrBarriOS.app */,
			);
			name = Products;
			sourceTree = "<group>";
		};
		IOS00060IOS00060IOS0060A /* ArrBarriOS */ = {
			isa = PBXGroup;
			children = (
				IOS00010IOS00010IOS0010A /* ArrBarriOSApp.swift */,
				IOS00011IOS00011IOS0011A /* Info.plist */,
				IOS00012IOS00012IOS0012A /* Assets.xcassets */,
			);
			path = ArrBarriOS;
			sourceTree = "<group>";
		};
		7C333C05887345F76F5DBD52 /* ArrBarr */ = {
			isa = PBXGroup;
			children = (
				64DC7B599FC995056A674DBF /* AppDelegate.swift */,
				7A1D7C152F00000100000005 /* AppIcon.icon */,
				310F6F8DD8AF0FDCD7BA6CBB /* ArrBarr.entitlements */,
				33A8662C0F95882A1E6A959B /* ArrBarrApp.swift */,
				C345657BD587401B20496BE6 /* Assets.xcassets */,
				E476A3C86CE13DD5526DF9D8 /* Info.plist */,
			);
			path = ArrBarr;
			sourceTree = "<group>";
		};
		8D95F3DF077BDAFDE37609C5 = {
			isa = PBXGroup;
			children = (
				7C333C05887345F76F5DBD52 /* ArrBarr */,
				IOS00060IOS00060IOS0060A /* ArrBarriOS */,
				2AB51CB1B325CDC1D0C6215E /* Products */,
			);
			sourceTree = "<group>";
		};
/* End PBXGroup section */

/* Begin PBXNativeTarget section */
		981F7B6F6B019D53A2A452F0 /* ArrBarr */ = {
			isa = PBXNativeTarget;
			buildConfigurationList = 07E06E939352CD4439DA30B7 /* Build configuration list for PBXNativeTarget "ArrBarr" */;
			buildPhases = (
				89ED09B21909E642FB98AD73 /* Sources */,
				FBPHASE0001FBPHASE0001 /* Frameworks */,
				C9D0B4133AB4C846041BD9C6 /* Resources */,
			);
			buildRules = (
			);
			dependencies = (
			);
			name = ArrBarr;
			packageProductDependencies = (
				PRD00001PRD00001PRD0001A /* ArrCore */,
			);
			productName = ArrBarr;
			productReference = 24CA88887E39123AE476CB8E /* ArrBarr.app */;
			productType = "com.apple.product-type.application";
		};
		IOS00070IOS00070IOS0070A /* ArrBarriOS */ = {
			isa = PBXNativeTarget;
			buildConfigurationList = IOS00080IOS00080IOS0080A /* Build configuration list for PBXNativeTarget "ArrBarriOS" */;
			buildPhases = (
				IOS00050IOS00050IOS0050A /* Sources */,
				IOS00030IOS00030IOS0030A /* Frameworks */,
				IOS00040IOS00040IOS0040A /* Resources */,
			);
			buildRules = (
			);
			dependencies = (
			);
			name = ArrBarriOS;
			packageProductDependencies = (
				IOS00020IOS00020IOS0020A /* ArrCore */,
			);
			productName = ArrBarriOS;
			productReference = IOS00013IOS00013IOS0013A /* ArrBarriOS.app */;
			productType = "com.apple.product-type.application";
		};
/* End PBXNativeTarget section */

/* Begin PBXProject section */
		A653F04DC480B6C6FA6963CC /* Project object */ = {
			isa = PBXProject;
			attributes = {
				BuildIndependentTargetsInParallel = YES;
				LastSwiftUpdateCheck = 2640;
				LastUpgradeCheck = 1430;
				TargetAttributes = {
					981F7B6F6B019D53A2A452F0 = {
						DevelopmentTeam = "";
						ProvisioningStyle = Automatic;
					};
				};
			};
			buildConfigurationList = 0AA25B5677577EF573D29455 /* Build configuration list for PBXProject "ArrBarr" */;
			developmentRegion = en;
			hasScannedForEncodings = 0;
			knownRegions = (
				Base,
				en,
				de,
				es,
				fr,
				pl,
			);
			mainGroup = 8D95F3DF077BDAFDE37609C5;
			minimizedProjectReferenceProxies = 1;
			packageReferences = (
				PKG00001PKG00001PKG0001A /* XCLocalSwiftPackageReference "Packages/ArrCore" */,
			);
			preferredProjectObjectVersion = 77;
			productRefGroup = 2AB51CB1B325CDC1D0C6215E /* Products */;
			projectDirPath = "";
			projectRoot = "";
			targets = (
				981F7B6F6B019D53A2A452F0 /* ArrBarr */,
				IOS00070IOS00070IOS0070A /* ArrBarriOS */,
			);
		};
/* End PBXProject section */

/* Begin PBXResourcesBuildPhase section */
		C9D0B4133AB4C846041BD9C6 /* Resources */ = {
			isa = PBXResourcesBuildPhase;
			buildActionMask = 2147483647;
			files = (
				953E24EE53AE7971D31F0FA0 /* Assets.xcassets in Resources */,
				7A1D7C162F00000100000005 /* AppIcon.icon in Resources */,
			);
			runOnlyForDeploymentPostprocessing = 0;
		};
		IOS00040IOS00040IOS0040A /* Resources */ = {
			isa = PBXResourcesBuildPhase;
			buildActionMask = 2147483647;
			files = (
				IOS00002IOS00002IOS0002A /* Assets.xcassets in Resources */,
			);
			runOnlyForDeploymentPostprocessing = 0;
		};
/* End PBXResourcesBuildPhase section */

/* Begin PBXSourcesBuildPhase section */
		89ED09B21909E642FB98AD73 /* Sources */ = {
			isa = PBXSourcesBuildPhase;
			buildActionMask = 2147483647;
			files = (
				1F0B1A9D78DA2F2F554BA54D /* AppDelegate.swift in Sources */,
				D2FECFB6447CD596A4FC0207 /* ArrBarrApp.swift in Sources */,
			);
			runOnlyForDeploymentPostprocessing = 0;
		};
		IOS00050IOS00050IOS0050A /* Sources */ = {
			isa = PBXSourcesBuildPhase;
			buildActionMask = 2147483647;
			files = (
				IOS00001IOS00001IOS0001A /* ArrBarriOSApp.swift in Sources */,
			);
			runOnlyForDeploymentPostprocessing = 0;
		};
/* End PBXSourcesBuildPhase section */

/* Begin XCBuildConfiguration section */
		352BD470A5BE9D48B8298DCE /* Debug */ = {
			isa = XCBuildConfiguration;
			buildSettings = {
				ALWAYS_SEARCH_USER_PATHS = NO;
				CLANG_ANALYZER_NONNULL = YES;
				CLANG_ANALYZER_NUMBER_OBJECT_CONVERSION = YES_AGGRESSIVE;
				CLANG_CXX_LANGUAGE_STANDARD = "gnu++14";
				CLANG_CXX_LIBRARY = "libc++";
				CLANG_ENABLE_MODULES = YES;
				CLANG_ENABLE_OBJC_ARC = YES;
				CLANG_ENABLE_OBJC_WEAK = YES;
				CLANG_WARN_BLOCK_CAPTURE_AUTORELEASING = YES;
				CLANG_WARN_BOOL_CONVERSION = YES;
				CLANG_WARN_COMMA = YES;
				CLANG_WARN_CONSTANT_CONVERSION = YES;
				CLANG_WARN_DEPRECATED_OBJC_IMPLEMENTATIONS = YES;
				CLANG_WARN_DIRECT_OBJC_ISA_USAGE = YES_ERROR;
				CLANG_WARN_DOCUMENTATION_COMMENTS = YES;
				CLANG_WARN_EMPTY_BODY = YES;
				CLANG_WARN_ENUM_CONVERSION = YES;
				CLANG_WARN_INFINITE_RECURSION = YES;
				CLANG_WARN_INT_CONVERSION = YES;
				CLANG_WARN_NON_LITERAL_NULL_CONVERSION = YES;
				CLANG_WARN_OBJC_IMPLICIT_RETAIN_SELF = YES;
				CLANG_WARN_OBJC_LITERAL_CONVERSION = YES;
				CLANG_WARN_OBJC_ROOT_CLASS = YES_ERROR;
				CLANG_WARN_QUOTED_INCLUDE_IN_FRAMEWORK_HEADER = YES;
				CLANG_WARN_RANGE_LOOP_ANALYSIS = YES;
				CLANG_WARN_STRICT_PROTOTYPES = YES;
				CLANG_WARN_SUSPICIOUS_MOVE = YES;
				CLANG_WARN_UNGUARDED_AVAILABILITY = YES_AGGRESSIVE;
				CLANG_WARN_UNREACHABLE_CODE = YES;
				CLANG_WARN__DUPLICATE_METHOD_MATCH = YES;
				CODE_SIGN_IDENTITY = "-";
				CODE_SIGN_STYLE = Automatic;
				COPY_PHASE_STRIP = NO;
				CURRENT_PROJECT_VERSION = 1;
				DEAD_CODE_STRIPPING = YES;
				DEBUG_INFORMATION_FORMAT = dwarf;
				DEVELOPMENT_TEAM = "";
				ENABLE_HARDENED_RUNTIME = YES;
				ENABLE_STRICT_OBJC_MSGSEND = YES;
				ENABLE_TESTABILITY = YES;
				GCC_C_LANGUAGE_STANDARD = gnu11;
				GCC_DYNAMIC_NO_PIC = NO;
				GCC_NO_COMMON_BLOCKS = YES;
				GCC_OPTIMIZATION_LEVEL = 0;
				GCC_PREPROCESSOR_DEFINITIONS = (
					"$(inherited)",
					"DEBUG=1",
				);
				GCC_WARN_64_TO_32_BIT_CONVERSION = YES;
				GCC_WARN_ABOUT_RETURN_TYPE = YES_ERROR;
				GCC_WARN_UNDECLARED_SELECTOR = YES;
				GCC_WARN_UNINITIALIZED_AUTOS = YES_AGGRESSIVE;
				GCC_WARN_UNUSED_FUNCTION = YES;
				GCC_WARN_UNUSED_VARIABLE = YES;
				MACOSX_DEPLOYMENT_TARGET = 14.0;
				MARKETING_VERSION = 0.10.0;
				MTL_ENABLE_DEBUG_INFO = INCLUDE_SOURCE;
				MTL_FAST_MATH = YES;
				ONLY_ACTIVE_ARCH = YES;
				PRODUCT_NAME = "$(TARGET_NAME)";
				SDKROOT = macosx;
				SWIFT_ACTIVE_COMPILATION_CONDITIONS = DEBUG;
				SWIFT_OPTIMIZATION_LEVEL = "-Onone";
				SWIFT_VERSION = 6.0;
			};
			name = Debug;
		};
		4007DC1307241916DB3176F6 /* Release */ = {
			isa = XCBuildConfiguration;
			buildSettings = {
				ALWAYS_SEARCH_USER_PATHS = NO;
				CLANG_ANALYZER_NONNULL = YES;
				CLANG_ANALYZER_NUMBER_OBJECT_CONVERSION = YES_AGGRESSIVE;
				CLANG_CXX_LANGUAGE_STANDARD = "gnu++14";
				CLANG_CXX_LIBRARY = "libc++";
				CLANG_ENABLE_MODULES = YES;
				CLANG_ENABLE_OBJC_ARC = YES;
				CLANG_ENABLE_OBJC_WEAK = YES;
				CLANG_WARN_BLOCK_CAPTURE_AUTORELEASING = YES;
				CLANG_WARN_BOOL_CONVERSION = YES;
				CLANG_WARN_COMMA = YES;
				CLANG_WARN_CONSTANT_CONVERSION = YES;
				CLANG_WARN_DEPRECATED_OBJC_IMPLEMENTATIONS = YES;
				CLANG_WARN_DIRECT_OBJC_ISA_USAGE = YES_ERROR;
				CLANG_WARN_DOCUMENTATION_COMMENTS = YES;
				CLANG_WARN_EMPTY_BODY = YES;
				CLANG_WARN_ENUM_CONVERSION = YES;
				CLANG_WARN_INFINITE_RECURSION = YES;
				CLANG_WARN_INT_CONVERSION = YES;
				CLANG_WARN_NON_LITERAL_NULL_CONVERSION = YES;
				CLANG_WARN_OBJC_IMPLICIT_RETAIN_SELF = YES;
				CLANG_WARN_OBJC_LITERAL_CONVERSION = YES;
				CLANG_WARN_OBJC_ROOT_CLASS = YES_ERROR;
				CLANG_WARN_QUOTED_INCLUDE_IN_FRAMEWORK_HEADER = YES;
				CLANG_WARN_RANGE_LOOP_ANALYSIS = YES;
				CLANG_WARN_STRICT_PROTOTYPES = YES;
				CLANG_WARN_SUSPICIOUS_MOVE = YES;
				CLANG_WARN_UNGUARDED_AVAILABILITY = YES_AGGRESSIVE;
				CLANG_WARN_UNREACHABLE_CODE = YES;
				CLANG_WARN__DUPLICATE_METHOD_MATCH = YES;
				CODE_SIGN_IDENTITY = "-";
				CODE_SIGN_STYLE = Automatic;
				COPY_PHASE_STRIP = NO;
				CURRENT_PROJECT_VERSION = 1;
				DEAD_CODE_STRIPPING = YES;
				DEBUG_INFORMATION_FORMAT = "dwarf-with-dsym";
				DEVELOPMENT_TEAM = "";
				ENABLE_HARDENED_RUNTIME = YES;
				ENABLE_NS_ASSERTIONS = NO;
				ENABLE_STRICT_OBJC_MSGSEND = YES;
				GCC_C_LANGUAGE_STANDARD = gnu11;
				GCC_NO_COMMON_BLOCKS = YES;
				GCC_WARN_64_TO_32_BIT_CONVERSION = YES;
				GCC_WARN_ABOUT_RETURN_TYPE = YES_ERROR;
				GCC_WARN_UNDECLARED_SELECTOR = YES;
				GCC_WARN_UNINITIALIZED_AUTOS = YES_AGGRESSIVE;
				GCC_WARN_UNUSED_FUNCTION = YES;
				GCC_WARN_UNUSED_VARIABLE = YES;
				MACOSX_DEPLOYMENT_TARGET = 14.0;
				MARKETING_VERSION = 0.10.0;
				MTL_ENABLE_DEBUG_INFO = NO;
				MTL_FAST_MATH = YES;
				PRODUCT_NAME = "$(TARGET_NAME)";
				SDKROOT = macosx;
				SWIFT_COMPILATION_MODE = wholemodule;
				SWIFT_OPTIMIZATION_LEVEL = "-O";
				SWIFT_VERSION = 6.0;
			};
			name = Release;
		};
		A42B5AC8E0FD1391D7969489 /* Debug */ = {
			isa = XCBuildConfiguration;
			buildSettings = {
				ASSETCATALOG_COMPILER_APPICON_NAME = AppIcon;
				CODE_SIGN_ENTITLEMENTS = ArrBarr/ArrBarr.entitlements;
				COMBINE_HIDPI_IMAGES = YES;
				ENABLE_PREVIEWS = YES;
				INFOPLIST_FILE = ArrBarr/Info.plist;
				LD_RUNPATH_SEARCH_PATHS = (
					"$(inherited)",
					"@executable_path/../Frameworks",
				);
				MACOSX_DEPLOYMENT_TARGET = 14.0;
				PRODUCT_BUNDLE_IDENTIFIER = com.preclowski.ArrBarr;
				SDKROOT = macosx;
			};
			name = Debug;
		};
		E7AFBD3F229BC2E497429F73 /* Release */ = {
			isa = XCBuildConfiguration;
			buildSettings = {
				ASSETCATALOG_COMPILER_APPICON_NAME = AppIcon;
				CODE_SIGN_ENTITLEMENTS = ArrBarr/ArrBarr.entitlements;
				COMBINE_HIDPI_IMAGES = YES;
				ENABLE_PREVIEWS = YES;
				INFOPLIST_FILE = ArrBarr/Info.plist;
				LD_RUNPATH_SEARCH_PATHS = (
					"$(inherited)",
					"@executable_path/../Frameworks",
				);
				MACOSX_DEPLOYMENT_TARGET = 14.0;
				PRODUCT_BUNDLE_IDENTIFIER = com.preclowski.ArrBarr;
				SDKROOT = macosx;
			};
			name = Release;
		};
		IOS00081IOS00081IOS0081A /* Debug */ = {
			isa = XCBuildConfiguration;
			buildSettings = {
				ASSETCATALOG_COMPILER_APPICON_NAME = AppIcon;
				ASSETCATALOG_COMPILER_GLOBAL_ACCENT_COLOR_NAME = AccentColor;
				CODE_SIGN_STYLE = Automatic;
				CURRENT_PROJECT_VERSION = 1;
				DEVELOPMENT_ASSET_PATHS = "";
				DEVELOPMENT_TEAM = "";
				ENABLE_PREVIEWS = YES;
				INFOPLIST_FILE = ArrBarriOS/Info.plist;
				IPHONEOS_DEPLOYMENT_TARGET = 17.0;
				LD_RUNPATH_SEARCH_PATHS = (
					"$(inherited)",
					"@executable_path/Frameworks",
				);
				MARKETING_VERSION = 0.10.0;
				PRODUCT_BUNDLE_IDENTIFIER = com.preclowski.ArrBarr.iOS;
				PRODUCT_NAME = ArrBarr;
				SDKROOT = iphoneos;
				SUPPORTED_PLATFORMS = "iphoneos iphonesimulator";
				SWIFT_EMIT_LOC_STRINGS = YES;
				SWIFT_VERSION = 6.0;
				TARGETED_DEVICE_FAMILY = "1,2";
			};
			name = Debug;
		};
		IOS00082IOS00082IOS0082A /* Release */ = {
			isa = XCBuildConfiguration;
			buildSettings = {
				ASSETCATALOG_COMPILER_APPICON_NAME = AppIcon;
				ASSETCATALOG_COMPILER_GLOBAL_ACCENT_COLOR_NAME = AccentColor;
				CODE_SIGN_STYLE = Automatic;
				CURRENT_PROJECT_VERSION = 1;
				DEVELOPMENT_ASSET_PATHS = "";
				DEVELOPMENT_TEAM = "";
				ENABLE_PREVIEWS = YES;
				INFOPLIST_FILE = ArrBarriOS/Info.plist;
				IPHONEOS_DEPLOYMENT_TARGET = 17.0;
				LD_RUNPATH_SEARCH_PATHS = (
					"$(inherited)",
					"@executable_path/Frameworks",
				);
				MARKETING_VERSION = 0.10.0;
				PRODUCT_BUNDLE_IDENTIFIER = com.preclowski.ArrBarr.iOS;
				PRODUCT_NAME = ArrBarr;
				SDKROOT = iphoneos;
				SUPPORTED_PLATFORMS = "iphoneos iphonesimulator";
				SWIFT_EMIT_LOC_STRINGS = YES;
				SWIFT_VERSION = 6.0;
				TARGETED_DEVICE_FAMILY = "1,2";
			};
			name = Release;
		};
/* End XCBuildConfiguration section */

/* Begin XCConfigurationList section */
		07E06E939352CD4439DA30B7 /* Build configuration list for PBXNativeTarget "ArrBarr" */ = {
			isa = XCConfigurationList;
			buildConfigurations = (
				A42B5AC8E0FD1391D7969489 /* Debug */,
				E7AFBD3F229BC2E497429F73 /* Release */,
			);
			defaultConfigurationIsVisible = 0;
			defaultConfigurationName = Debug;
		};
		0AA25B5677577EF573D29455 /* Build configuration list for PBXProject "ArrBarr" */ = {
			isa = XCConfigurationList;
			buildConfigurations = (
				352BD470A5BE9D48B8298DCE /* Debug */,
				4007DC1307241916DB3176F6 /* Release */,
			);
			defaultConfigurationIsVisible = 0;
			defaultConfigurationName = Debug;
		};
		IOS00080IOS00080IOS0080A /* Build configuration list for PBXNativeTarget "ArrBarriOS" */ = {
			isa = XCConfigurationList;
			buildConfigurations = (
				IOS00081IOS00081IOS0081A /* Debug */,
				IOS00082IOS00082IOS0082A /* Release */,
			);
			defaultConfigurationIsVisible = 0;
			defaultConfigurationName = Debug;
		};
/* End XCConfigurationList section */

/* Begin XCLocalSwiftPackageReference section */
		PKG00001PKG00001PKG0001A /* XCLocalSwiftPackageReference "Packages/ArrCore" */ = {
			isa = XCLocalSwiftPackageReference;
			relativePath = Packages/ArrCore;
		};
/* End XCLocalSwiftPackageReference section */

/* Begin XCSwiftPackageProductDependency section */
		PRD00001PRD00001PRD0001A /* ArrCore */ = {
			isa = XCSwiftPackageProductDependency;
			productName = ArrCore;
		};
		IOS00020IOS00020IOS0020A /* ArrCore */ = {
			isa = XCSwiftPackageProductDependency;
			productName = ArrCore;
		};
/* End XCSwiftPackageProductDependency section */
	};
	rootObject = A653F04DC480B6C6FA6963CC /* Project object */;
}
